
Microsoft Visual Studio Solution File, Format Version 12.00
# Visual Studio Version 16
VisualStudioVersion = 16.0.31005.135
MinimumVisualStudioVersion = 10.0.40219.1
Project("{FAE04EC0-301F-11D3-BF4B-00C04F79EFBC}") = "Parcial", "Parcial\Parcial.csproj", "{14E4B839-E728-4E3A-A744-E65F199249C1}"
EndProject
Global
	GlobalSection(SolutionConfigurationPlatforms) = preSolution
		Debug|Any CPU = Debug|Any CPU
		Release|Any CPU = Release|Any CPU
	EndGlobalSection
	GlobalSection(ProjectConfigurationPlatforms) = postSolution
		{14E4B839-E728-4E3A-A744-E65F199249C1}.Debug|Any CPU.ActiveCfg = Debug|Any CPU
		{14E4B839-E728-4E3A-A744-E65F199249C1}.Debug|Any CPU.Build.0 = Debug|Any CPU
		{14E4B839-E728-4E3A-A744-E65F199249C1}.Release|Any CPU.ActiveCfg = Release|Any CPU
		{14E4B839-E728-4E3A-A744-E65F199249C1}.Release|Any CPU.Build.0 = Release|Any CPU
	EndGlobalSection
	GlobalSection(SolutionProperties) = preSolution
		HideSolutionNode = FALSE
	EndGlobalSection
	GlobalSection(ExtensibilityGlobals) = postSolution
		SolutionGuid = {F6AA280E-5515-411A-86BE-109C802D23E2}
	EndGlobalSection
EndGlobal
